
Microsoft Visual Studio Solution File, Format Version 12.00
# Visual Studio 2012
Project("{FAE04EC0-301F-11D3-BF4B-00C04F79EFBC}") = "PerfFeedback", "PerfFeedback\PerfFeedback.csproj", "{8EC5AF41-D018-4E6E-8889-FE2885EBE24A}"
EndProject
Project("{FAE04EC0-301F-11D3-BF4B-00C04F79EFBC}") = "PerfFeedback.Client", "PerfFeedback.Client\PerfFeedback.Client.csproj", "{AEFFD38B-3063-4AAF-9A50-0F1855EE1166}"
EndProject
Project("{FAE04EC0-301F-11D3-BF4B-00C04F79EFBC}") = "PerfFeedback.Common", "PerfFeedback.Common\PerfFeedback.Common.csproj", "{002A9876-B937-4CA0-9AEE-F0AEA0CCBAB2}"
EndProject
Project("{FAE04EC0-301F-11D3-BF4B-00C04F79EFBC}") = "PerfFeedback.BusinessService.Contract", "PerfFeedback.BusinessService.Contract\PerfFeedback.BusinessService.Contract.csproj", "{FE885718-4E5E-41B0-BD8C-AE1D943DF10B}"
EndProject
Global
	GlobalSection(SolutionConfigurationPlatforms) = preSolution
		Debug|Any CPU = Debug|Any CPU
		Release|Any CPU = Release|Any CPU
	EndGlobalSection
	GlobalSection(ProjectConfigurationPlatforms) = postSolution
		{8EC5AF41-D018-4E6E-8889-FE2885EBE24A}.Debug|Any CPU.ActiveCfg = Debug|Any CPU
		{8EC5AF41-D018-4E6E-8889-FE2885EBE24A}.Debug|Any CPU.Build.0 = Debug|Any CPU
		{8EC5AF41-D018-4E6E-8889-FE2885EBE24A}.Release|Any CPU.ActiveCfg = Release|Any CPU
		{8EC5AF41-D018-4E6E-8889-FE2885EBE24A}.Release|Any CPU.Build.0 = Release|Any CPU
		{AEFFD38B-3063-4AAF-9A50-0F1855EE1166}.Debug|Any CPU.ActiveCfg = Debug|Any CPU
		{AEFFD38B-3063-4AAF-9A50-0F1855EE1166}.Debug|Any CPU.Build.0 = Debug|Any CPU
		{AEFFD38B-3063-4AAF-9A50-0F1855EE1166}.Release|Any CPU.ActiveCfg = Release|Any CPU
		{AEFFD38B-3063-4AAF-9A50-0F1855EE1166}.Release|Any CPU.Build.0 = Release|Any CPU
		{002A9876-B937-4CA0-9AEE-F0AEA0CCBAB2}.Debug|Any CPU.ActiveCfg = Debug|Any CPU
		{002A9876-B937-4CA0-9AEE-F0AEA0CCBAB2}.Debug|Any CPU.Build.0 = Debug|Any CPU
		{002A9876-B937-4CA0-9AEE-F0AEA0CCBAB2}.Release|Any CPU.ActiveCfg = Release|Any CPU
		{002A9876-B937-4CA0-9AEE-F0AEA0CCBAB2}.Release|Any CPU.Build.0 = Release|Any CPU
		{FE885718-4E5E-41B0-BD8C-AE1D943DF10B}.Debug|Any CPU.ActiveCfg = Debug|Any CPU
		{FE885718-4E5E-41B0-BD8C-AE1D943DF10B}.Debug|Any CPU.Build.0 = Debug|Any CPU
		{FE885718-4E5E-41B0-BD8C-AE1D943DF10B}.Release|Any CPU.ActiveCfg = Release|Any CPU
		{FE885718-4E5E-41B0-BD8C-AE1D943DF10B}.Release|Any CPU.Build.0 = Release|Any CPU
	EndGlobalSection
	GlobalSection(SolutionProperties) = preSolution
		HideSolutionNode = FALSE
	EndGlobalSection
EndGlobal
